
Microsoft Visual Studio Solution File, Format Version 12.00
# Visual Studio Version 16
VisualStudioVersion = 16.0.29503.13
MinimumVisualStudioVersion = 10.0.40219.1
Project("{9A19103F-16F7-4668-BE54-9A1E7A4F7556}") = "QueueProcessor", "QueueProcessor\QueueProcessor.csproj", "{CCB744FA-81D4-4DD3-825B-10CC0C3F6A73}"
EndProject
Project("{9A19103F-16F7-4668-BE54-9A1E7A4F7556}") = "QueueProcessor.Reference", "QueueProcessor.Reference\QueueProcessor.Reference.csproj", "{3E3E938C-130D-442A-BA8D-5EC83D5ABBE7}"
EndProject
Project("{E53339B2-1760-4266-BCC7-CA923CBCF16C}") = "docker-compose", "docker-compose.dcproj", "{3466039A-DB1A-4EEC-8833-1EBCAA9F44A2}"
EndProject
Project("{FAE04EC0-301F-11D3-BF4B-00C04F79EFBC}") = "QueueProcessor.Tests", "QueueProcessor.Tests\QueueProcessor.Tests.csproj", "{9EEC523C-6A3E-48E0-B9D5-E2BA7C8B799B}"
EndProject
Global
	GlobalSection(SolutionConfigurationPlatforms) = preSolution
		Debug|Any CPU = Debug|Any CPU
		Release|Any CPU = Release|Any CPU
	EndGlobalSection
	GlobalSection(ProjectConfigurationPlatforms) = postSolution
		{CCB744FA-81D4-4DD3-825B-10CC0C3F6A73}.Debug|Any CPU.ActiveCfg = Debug|Any CPU
		{CCB744FA-81D4-4DD3-825B-10CC0C3F6A73}.Debug|Any CPU.Build.0 = Debug|Any CPU
		{CCB744FA-81D4-4DD3-825B-10CC0C3F6A73}.Release|Any CPU.ActiveCfg = Release|Any CPU
		{CCB744FA-81D4-4DD3-825B-10CC0C3F6A73}.Release|Any CPU.Build.0 = Release|Any CPU
		{3E3E938C-130D-442A-BA8D-5EC83D5ABBE7}.Debug|Any CPU.ActiveCfg = Debug|Any CPU
		{3E3E938C-130D-442A-BA8D-5EC83D5ABBE7}.Debug|Any CPU.Build.0 = Debug|Any CPU
		{3E3E938C-130D-442A-BA8D-5EC83D5ABBE7}.Release|Any CPU.ActiveCfg = Release|Any CPU
		{3E3E938C-130D-442A-BA8D-5EC83D5ABBE7}.Release|Any CPU.Build.0 = Release|Any CPU
		{3466039A-DB1A-4EEC-8833-1EBCAA9F44A2}.Debug|Any CPU.ActiveCfg = Debug|Any CPU
		{3466039A-DB1A-4EEC-8833-1EBCAA9F44A2}.Debug|Any CPU.Build.0 = Debug|Any CPU
		{3466039A-DB1A-4EEC-8833-1EBCAA9F44A2}.Release|Any CPU.ActiveCfg = Release|Any CPU
		{3466039A-DB1A-4EEC-8833-1EBCAA9F44A2}.Release|Any CPU.Build.0 = Release|Any CPU
		{9EEC523C-6A3E-48E0-B9D5-E2BA7C8B799B}.Debug|Any CPU.ActiveCfg = Debug|Any CPU
		{9EEC523C-6A3E-48E0-B9D5-E2BA7C8B799B}.Debug|Any CPU.Build.0 = Debug|Any CPU
		{9EEC523C-6A3E-48E0-B9D5-E2BA7C8B799B}.Release|Any CPU.ActiveCfg = Release|Any CPU
		{9EEC523C-6A3E-48E0-B9D5-E2BA7C8B799B}.Release|Any CPU.Build.0 = Release|Any CPU
	EndGlobalSection
	GlobalSection(SolutionProperties) = preSolution
		HideSolutionNode = FALSE
	EndGlobalSection
	GlobalSection(ExtensibilityGlobals) = postSolution
		SolutionGuid = {F83606B0-A87F-472D-8DF1-9B6B207236E9}
	EndGlobalSection
EndGlobal
